
Microsoft Visual Studio Solution File, Format Version 12.00
# Visual Studio Version 17
VisualStudioVersion = 17.4.33122.133
MinimumVisualStudioVersion = 10.0.40219.1
Project("{8BC9CEB8-8B4A-11D0-8D11-00A0C91BC942}") = "day1_homework", "day1_homework.vcxproj", "{72E7DF43-FF86-426A-8139-9B8654611E1F}"
EndProject
Global
	GlobalSection(SolutionConfigurationPlatforms) = preSolution
		Debug|x64 = Debug|x64
		Debug|x86 = Debug|x86
		Release|x64 = Release|x64
		Release|x86 = Release|x86
	EndGlobalSection
	GlobalSection(ProjectConfigurationPlatforms) = postSolution
		{72E7DF43-FF86-426A-8139-9B8654611E1F}.Debug|x64.ActiveCfg = Debug|x64
		{72E7DF43-FF86-426A-8139-9B8654611E1F}.Debug|x64.Build.0 = Debug|x64
		{72E7DF43-FF86-426A-8139-9B8654611E1F}.Debug|x86.ActiveCfg = Debug|Win32
		{72E7DF43-FF86-426A-8139-9B8654611E1F}.Debug|x86.Build.0 = Debug|Win32
		{72E7DF43-FF86-426A-8139-9B8654611E1F}.Release|x64.ActiveCfg = Release|x64
		{72E7DF43-FF86-426A-8139-9B8654611E1F}.Release|x64.Build.0 = Release|x64
		{72E7DF43-FF86-426A-8139-9B8654611E1F}.Release|x86.ActiveCfg = Release|Win32
		{72E7DF43-FF86-426A-8139-9B8654611E1F}.Release|x86.Build.0 = Release|Win32
	EndGlobalSection
	GlobalSection(SolutionProperties) = preSolution
		HideSolutionNode = FALSE
	EndGlobalSection
	GlobalSection(ExtensibilityGlobals) = postSolution
		SolutionGuid = {62612C07-B730-403F-AF85-520E7CEA3383}
	EndGlobalSection
EndGlobal
